
Microsoft Visual Studio Solution File, Format Version 12.00
# Visual Studio Version 17
VisualStudioVersion = 17.2.32616.157
MinimumVisualStudioVersion = 10.0.40219.1
Project("{9A19103F-16F7-4668-BE54-9A1E7A4F7556}") = "ZZZ.Framework", "Framework\ZZZ.Framework.csproj", "{7D796012-AB45-49CB-8387-065D055FEA8C}"
EndProject
Project("{9A19103F-16F7-4668-BE54-9A1E7A4F7556}") = "ZZZ.Framework.Monogame", "Monogame\Monogame\ZZZ.Framework.Monogame.csproj", "{900467D9-A2B0-4710-A6EF-1EB0126045B3}"
EndProject
Project("{2150E333-8FDC-42A3-9474-1A3956D46DE8}") = "Monogame", "Monogame", "{B80C7831-00D7-476C-8FF8-F17852651C06}"
EndProject
Project("{2150E333-8FDC-42A3-9474-1A3956D46DE8}") = "Demonstrations", "Demonstrations", "{C3D65FA6-A385-4BE6-AADA-FF6FDB1DA25B}"
EndProject
Project("{FAE04EC0-301F-11D3-BF4B-00C04F79EFBC}") = "WinDX", "Monogame\Monogame.Demonstrations\WinDX\WinDX.csproj", "{60579BFF-913A-4606-8122-09ED3C16DBD4}"
EndProject
Global
	GlobalSection(SolutionConfigurationPlatforms) = preSolution
		Debug|Any CPU = Debug|Any CPU
		Release|Any CPU = Release|Any CPU
	EndGlobalSection
	GlobalSection(ProjectConfigurationPlatforms) = postSolution
		{7D796012-AB45-49CB-8387-065D055FEA8C}.Debug|Any CPU.ActiveCfg = Debug|Any CPU
		{7D796012-AB45-49CB-8387-065D055FEA8C}.Debug|Any CPU.Build.0 = Debug|Any CPU
		{7D796012-AB45-49CB-8387-065D055FEA8C}.Release|Any CPU.ActiveCfg = Debug|Any CPU
		{7D796012-AB45-49CB-8387-065D055FEA8C}.Release|Any CPU.Build.0 = Debug|Any CPU
		{900467D9-A2B0-4710-A6EF-1EB0126045B3}.Debug|Any CPU.ActiveCfg = Debug|Any CPU
		{900467D9-A2B0-4710-A6EF-1EB0126045B3}.Debug|Any CPU.Build.0 = Debug|Any CPU
		{900467D9-A2B0-4710-A6EF-1EB0126045B3}.Release|Any CPU.ActiveCfg = Debug|Any CPU
		{900467D9-A2B0-4710-A6EF-1EB0126045B3}.Release|Any CPU.Build.0 = Debug|Any CPU
		{60579BFF-913A-4606-8122-09ED3C16DBD4}.Debug|Any CPU.ActiveCfg = Debug|Any CPU
		{60579BFF-913A-4606-8122-09ED3C16DBD4}.Debug|Any CPU.Build.0 = Debug|Any CPU
		{60579BFF-913A-4606-8122-09ED3C16DBD4}.Release|Any CPU.ActiveCfg = Release|Any CPU
		{60579BFF-913A-4606-8122-09ED3C16DBD4}.Release|Any CPU.Build.0 = Release|Any CPU
	EndGlobalSection
	GlobalSection(SolutionProperties) = preSolution
		HideSolutionNode = FALSE
	EndGlobalSection
	GlobalSection(NestedProjects) = preSolution
		{900467D9-A2B0-4710-A6EF-1EB0126045B3} = {B80C7831-00D7-476C-8FF8-F17852651C06}
		{C3D65FA6-A385-4BE6-AADA-FF6FDB1DA25B} = {B80C7831-00D7-476C-8FF8-F17852651C06}
		{60579BFF-913A-4606-8122-09ED3C16DBD4} = {C3D65FA6-A385-4BE6-AADA-FF6FDB1DA25B}
	EndGlobalSection
	GlobalSection(ExtensibilityGlobals) = postSolution
		SolutionGuid = {BBA8E3C6-617B-4C2E-9FEB-BAE78A02E37F}
	EndGlobalSection
EndGlobal
