
Microsoft Visual Studio Solution File, Format Version 12.00
# Visual Studio Version 17
VisualStudioVersion = 17.2.32616.157
MinimumVisualStudioVersion = 10.0.40219.1
Project("{9A19103F-16F7-4668-BE54-9A1E7A4F7556}") = "ZZZ.Framework", "Framework\ZZZ.Framework.csproj", "{7D796012-AB45-49CB-8387-065D055FEA8C}"
EndProject
Project("{9A19103F-16F7-4668-BE54-9A1E7A4F7556}") = "ZZZ.Framework.Monogame", "Monogame\Monogame\ZZZ.Framework.Monogame.csproj", "{900467D9-A2B0-4710-A6EF-1EB0126045B3}"
EndProject
Project("{2150E333-8FDC-42A3-9474-1A3956D46DE8}") = "Monogame", "Monogame", "{B80C7831-00D7-476C-8FF8-F17852651C06}"
EndProject
Project("{9A19103F-16F7-4668-BE54-9A1E7A4F7556}") = "ZZZ.Framework.Monogame.Updating", "Monogame\Monogame.Updating\ZZZ.Framework.Monogame.Updating.csproj", "{2558E005-120C-4104-96E0-5A5D344C748A}"
EndProject
Project("{9A19103F-16F7-4668-BE54-9A1E7A4F7556}") = "ZZZ.Framework.Monogame.Transforming", "Monogame\Monogame.Transforming\ZZZ.Framework.Monogame.Transforming.csproj", "{CE379E26-E435-4B7C-9FD9-17828F12C0F6}"
EndProject
Project("{9A19103F-16F7-4668-BE54-9A1E7A4F7556}") = "ZZZ.Framework.Monogame.Tiling", "Monogame\Monogame.Tiling\ZZZ.Framework.Monogame.Tiling.csproj", "{1EFF8C08-4990-4FAC-A7B7-34ADB7ED4197}"
EndProject
Project("{9A19103F-16F7-4668-BE54-9A1E7A4F7556}") = "ZZZ.Framework.Monogame.Rendering", "Monogame\Monogame.Rendering\ZZZ.Framework.Monogame.Rendering.csproj", "{D4EEEE9B-CA84-4881-A56E-F595E0CE4095}"
EndProject
Project("{9A19103F-16F7-4668-BE54-9A1E7A4F7556}") = "ZZZ.Framework.Monogame.FarseerPhysics", "Monogame\Monogame.FarseerPhysics\ZZZ.Framework.Monogame.FarseerPhysics.csproj", "{C98FF5FF-CEE7-40D4-A545-FE422DF6584C}"
EndProject
Project("{9A19103F-16F7-4668-BE54-9A1E7A4F7556}") = "ZZZ.Framework.Monogame.Auding", "Monogame\Monogame.Auding\ZZZ.Framework.Monogame.Auding.csproj", "{501971FC-960E-420B-9946-7E2640827758}"
EndProject
Project("{9A19103F-16F7-4668-BE54-9A1E7A4F7556}") = "ZZZ.Framework.Monogame.Animating", "Monogame\Monogame.Animating\ZZZ.Framework.Monogame.Animating.csproj", "{0E1FB8E9-4DBF-469C-8CD2-715BACD10508}"
EndProject
Project("{9A19103F-16F7-4668-BE54-9A1E7A4F7556}") = "ZZZ.Framework.Monogame.Asseting", "Monogame\Monogame.Asseting\ZZZ.Framework.Monogame.Asseting.csproj", "{8642E1B2-84E3-433B-959B-3C2D73310763}"
EndProject
Global
	GlobalSection(SolutionConfigurationPlatforms) = preSolution
		Debug|Any CPU = Debug|Any CPU
		Release|Any CPU = Release|Any CPU
	EndGlobalSection
	GlobalSection(ProjectConfigurationPlatforms) = postSolution
		{7D796012-AB45-49CB-8387-065D055FEA8C}.Debug|Any CPU.ActiveCfg = Debug|Any CPU
		{7D796012-AB45-49CB-8387-065D055FEA8C}.Debug|Any CPU.Build.0 = Debug|Any CPU
		{7D796012-AB45-49CB-8387-065D055FEA8C}.Release|Any CPU.ActiveCfg = Release|Any CPU
		{7D796012-AB45-49CB-8387-065D055FEA8C}.Release|Any CPU.Build.0 = Release|Any CPU
		{900467D9-A2B0-4710-A6EF-1EB0126045B3}.Debug|Any CPU.ActiveCfg = Debug|Any CPU
		{900467D9-A2B0-4710-A6EF-1EB0126045B3}.Debug|Any CPU.Build.0 = Debug|Any CPU
		{900467D9-A2B0-4710-A6EF-1EB0126045B3}.Release|Any CPU.ActiveCfg = Release|Any CPU
		{900467D9-A2B0-4710-A6EF-1EB0126045B3}.Release|Any CPU.Build.0 = Release|Any CPU
		{2558E005-120C-4104-96E0-5A5D344C748A}.Debug|Any CPU.ActiveCfg = Debug|Any CPU
		{2558E005-120C-4104-96E0-5A5D344C748A}.Debug|Any CPU.Build.0 = Debug|Any CPU
		{2558E005-120C-4104-96E0-5A5D344C748A}.Release|Any CPU.ActiveCfg = Release|Any CPU
		{2558E005-120C-4104-96E0-5A5D344C748A}.Release|Any CPU.Build.0 = Release|Any CPU
		{CE379E26-E435-4B7C-9FD9-17828F12C0F6}.Debug|Any CPU.ActiveCfg = Debug|Any CPU
		{CE379E26-E435-4B7C-9FD9-17828F12C0F6}.Debug|Any CPU.Build.0 = Debug|Any CPU
		{CE379E26-E435-4B7C-9FD9-17828F12C0F6}.Release|Any CPU.ActiveCfg = Release|Any CPU
		{CE379E26-E435-4B7C-9FD9-17828F12C0F6}.Release|Any CPU.Build.0 = Release|Any CPU
		{1EFF8C08-4990-4FAC-A7B7-34ADB7ED4197}.Debug|Any CPU.ActiveCfg = Debug|Any CPU
		{1EFF8C08-4990-4FAC-A7B7-34ADB7ED4197}.Debug|Any CPU.Build.0 = Debug|Any CPU
		{1EFF8C08-4990-4FAC-A7B7-34ADB7ED4197}.Release|Any CPU.ActiveCfg = Release|Any CPU
		{1EFF8C08-4990-4FAC-A7B7-34ADB7ED4197}.Release|Any CPU.Build.0 = Release|Any CPU
		{D4EEEE9B-CA84-4881-A56E-F595E0CE4095}.Debug|Any CPU.ActiveCfg = Debug|Any CPU
		{D4EEEE9B-CA84-4881-A56E-F595E0CE4095}.Debug|Any CPU.Build.0 = Debug|Any CPU
		{D4EEEE9B-CA84-4881-A56E-F595E0CE4095}.Release|Any CPU.ActiveCfg = Release|Any CPU
		{D4EEEE9B-CA84-4881-A56E-F595E0CE4095}.Release|Any CPU.Build.0 = Release|Any CPU
		{C98FF5FF-CEE7-40D4-A545-FE422DF6584C}.Debug|Any CPU.ActiveCfg = Debug|Any CPU
		{C98FF5FF-CEE7-40D4-A545-FE422DF6584C}.Debug|Any CPU.Build.0 = Debug|Any CPU
		{C98FF5FF-CEE7-40D4-A545-FE422DF6584C}.Release|Any CPU.ActiveCfg = Release|Any CPU
		{C98FF5FF-CEE7-40D4-A545-FE422DF6584C}.Release|Any CPU.Build.0 = Release|Any CPU
		{501971FC-960E-420B-9946-7E2640827758}.Debug|Any CPU.ActiveCfg = Debug|Any CPU
		{501971FC-960E-420B-9946-7E2640827758}.Debug|Any CPU.Build.0 = Debug|Any CPU
		{501971FC-960E-420B-9946-7E2640827758}.Release|Any CPU.ActiveCfg = Release|Any CPU
		{501971FC-960E-420B-9946-7E2640827758}.Release|Any CPU.Build.0 = Release|Any CPU
		{0E1FB8E9-4DBF-469C-8CD2-715BACD10508}.Debug|Any CPU.ActiveCfg = Debug|Any CPU
		{0E1FB8E9-4DBF-469C-8CD2-715BACD10508}.Debug|Any CPU.Build.0 = Debug|Any CPU
		{0E1FB8E9-4DBF-469C-8CD2-715BACD10508}.Release|Any CPU.ActiveCfg = Release|Any CPU
		{0E1FB8E9-4DBF-469C-8CD2-715BACD10508}.Release|Any CPU.Build.0 = Release|Any CPU
		{8642E1B2-84E3-433B-959B-3C2D73310763}.Debug|Any CPU.ActiveCfg = Debug|Any CPU
		{8642E1B2-84E3-433B-959B-3C2D73310763}.Debug|Any CPU.Build.0 = Debug|Any CPU
		{8642E1B2-84E3-433B-959B-3C2D73310763}.Release|Any CPU.ActiveCfg = Release|Any CPU
		{8642E1B2-84E3-433B-959B-3C2D73310763}.Release|Any CPU.Build.0 = Release|Any CPU
	EndGlobalSection
	GlobalSection(SolutionProperties) = preSolution
		HideSolutionNode = FALSE
	EndGlobalSection
	GlobalSection(NestedProjects) = preSolution
		{900467D9-A2B0-4710-A6EF-1EB0126045B3} = {B80C7831-00D7-476C-8FF8-F17852651C06}
		{2558E005-120C-4104-96E0-5A5D344C748A} = {B80C7831-00D7-476C-8FF8-F17852651C06}
		{CE379E26-E435-4B7C-9FD9-17828F12C0F6} = {B80C7831-00D7-476C-8FF8-F17852651C06}
		{1EFF8C08-4990-4FAC-A7B7-34ADB7ED4197} = {B80C7831-00D7-476C-8FF8-F17852651C06}
		{D4EEEE9B-CA84-4881-A56E-F595E0CE4095} = {B80C7831-00D7-476C-8FF8-F17852651C06}
		{C98FF5FF-CEE7-40D4-A545-FE422DF6584C} = {B80C7831-00D7-476C-8FF8-F17852651C06}
		{501971FC-960E-420B-9946-7E2640827758} = {B80C7831-00D7-476C-8FF8-F17852651C06}
		{0E1FB8E9-4DBF-469C-8CD2-715BACD10508} = {B80C7831-00D7-476C-8FF8-F17852651C06}
		{8642E1B2-84E3-433B-959B-3C2D73310763} = {B80C7831-00D7-476C-8FF8-F17852651C06}
	EndGlobalSection
	GlobalSection(ExtensibilityGlobals) = postSolution
		SolutionGuid = {BBA8E3C6-617B-4C2E-9FEB-BAE78A02E37F}
	EndGlobalSection
EndGlobal
