
Microsoft Visual Studio Solution File, Format Version 12.00
# Visual Studio Version 17
VisualStudioVersion = 17.2.32616.157
MinimumVisualStudioVersion = 10.0.40219.1
Project("{9A19103F-16F7-4668-BE54-9A1E7A4F7556}") = "ZZZ.Framework", "Framework\ZZZ.Framework.csproj", "{7D796012-AB45-49CB-8387-065D055FEA8C}"
EndProject
Project("{FAE04EC0-301F-11D3-BF4B-00C04F79EFBC}") = "Monogame", "Monogame\ZZZ.Framework.Monogame.csproj", "{900467D9-A2B0-4710-A6EF-1EB0126045B3}"
EndProject
Global
	GlobalSection(SolutionConfigurationPlatforms) = preSolution
		Debug|Any CPU = Debug|Any CPU
		Release|Any CPU = Release|Any CPU
	EndGlobalSection
	GlobalSection(ProjectConfigurationPlatforms) = postSolution
		{7D796012-AB45-49CB-8387-065D055FEA8C}.Debug|Any CPU.ActiveCfg = Debug|Any CPU
		{7D796012-AB45-49CB-8387-065D055FEA8C}.Debug|Any CPU.Build.0 = Debug|Any CPU
		{7D796012-AB45-49CB-8387-065D055FEA8C}.Release|Any CPU.ActiveCfg = Release|Any CPU
		{7D796012-AB45-49CB-8387-065D055FEA8C}.Release|Any CPU.Build.0 = Release|Any CPU
		{900467D9-A2B0-4710-A6EF-1EB0126045B3}.Debug|Any CPU.ActiveCfg = Debug|Any CPU
		{900467D9-A2B0-4710-A6EF-1EB0126045B3}.Debug|Any CPU.Build.0 = Debug|Any CPU
		{900467D9-A2B0-4710-A6EF-1EB0126045B3}.Release|Any CPU.ActiveCfg = Release|Any CPU
		{900467D9-A2B0-4710-A6EF-1EB0126045B3}.Release|Any CPU.Build.0 = Release|Any CPU
	EndGlobalSection
	GlobalSection(SolutionProperties) = preSolution
		HideSolutionNode = FALSE
	EndGlobalSection
	GlobalSection(NestedProjects) = preSolution
		{72B4FB3D-5C8C-41C7-9C20-557DEE229CFD} = {A92CAFAC-2BB7-4C06-B9FF-300AAED890A1}
		{116FF1DE-A313-41FA-8B3B-AE8BC9D6017B} = {A92CAFAC-2BB7-4C06-B9FF-300AAED890A1}
		{289EFEA1-B6DD-4CE4-934E-9F031C2EB5A4} = {A92CAFAC-2BB7-4C06-B9FF-300AAED890A1}
		{D2977526-3A9E-43BE-A526-3B996AC72F69} = {A92CAFAC-2BB7-4C06-B9FF-300AAED890A1}
	EndGlobalSection
	GlobalSection(ExtensibilityGlobals) = postSolution
		SolutionGuid = {BBA8E3C6-617B-4C2E-9FEB-BAE78A02E37F}
	EndGlobalSection
EndGlobal
